
Microsoft Visual Studio Solution File, Format Version 12.00
# Visual Studio 15
VisualStudioVersion = 15.0.28307.1062
MinimumVisualStudioVersion = 10.0.40219.1
Project("{FAE04EC0-301F-11D3-BF4B-00C04F79EFBC}") = "WindowsFormsApp7", "WindowsFormsApp7\WindowsFormsApp7.csproj", "{7A439827-BED2-4668-A093-B2E4CB90F1BD}"
EndProject
Global
	GlobalSection(SolutionConfigurationPlatforms) = preSolution
		Debug|Any CPU = Debug|Any CPU
		Release|Any CPU = Release|Any CPU
	EndGlobalSection
	GlobalSection(ProjectConfigurationPlatforms) = postSolution
		{7A439827-BED2-4668-A093-B2E4CB90F1BD}.Debug|Any CPU.ActiveCfg = Debug|Any CPU
		{7A439827-BED2-4668-A093-B2E4CB90F1BD}.Debug|Any CPU.Build.0 = Debug|Any CPU
		{7A439827-BED2-4668-A093-B2E4CB90F1BD}.Release|Any CPU.ActiveCfg = Release|Any CPU
		{7A439827-BED2-4668-A093-B2E4CB90F1BD}.Release|Any CPU.Build.0 = Release|Any CPU
	EndGlobalSection
	GlobalSection(SolutionProperties) = preSolution
		HideSolutionNode = FALSE
	EndGlobalSection
	GlobalSection(ExtensibilityGlobals) = postSolution
		SolutionGuid = {B11DFD97-1FEC-459C-AB1E-204BECBA260A}
	EndGlobalSection
EndGlobal
