
Microsoft Visual Studio Solution File, Format Version 12.00
# Visual Studio 15
VisualStudioVersion = 15.0.28307.1145
MinimumVisualStudioVersion = 10.0.40219.1
Project("{FAE04EC0-301F-11D3-BF4B-00C04F79EFBC}") = "WindowsFormsApp8", "..\Лаба 8\WindowsFormsApp8\WindowsFormsApp8\WindowsFormsApp8.csproj", "{19B17D75-827D-432B-A5E9-8E62B2887A0C}"
EndProject
Project("{FAE04EC0-301F-11D3-BF4B-00C04F79EFBC}") = "WindowsFormsApp1", "..\Лаба 1\WindowsFormsApp1\WindowsFormsApp1\WindowsFormsApp1.csproj", "{BFFB224D-08E7-4AD7-91FF-1E2BF3E492E5}"
EndProject
Project("{FAE04EC0-301F-11D3-BF4B-00C04F79EFBC}") = "WindowsFormsApp2", "..\Лаба 2\WindowsFormsApp2\WindowsFormsApp2\WindowsFormsApp2.csproj", "{35D4C5FA-8FEB-4C84-B70F-004B90711B26}"
EndProject
Project("{FAE04EC0-301F-11D3-BF4B-00C04F79EFBC}") = "WindowsFormsApp3", "..\Лаба 3\WindowsFormsApp3\WindowsFormsApp3\WindowsFormsApp3.csproj", "{E1FE1CDC-28FC-46F7-BAD3-8B62880C96C3}"
EndProject
Project("{FAE04EC0-301F-11D3-BF4B-00C04F79EFBC}") = "WindowsFormsApp4", "..\Лаба 4\WindowsFormsApp4\WindowsFormsApp4\WindowsFormsApp4.csproj", "{7D4EA693-79E6-4523-99CE-5AE9BBB0D781}"
EndProject
Project("{FAE04EC0-301F-11D3-BF4B-00C04F79EFBC}") = "WindowsFormsApp5", "..\Лаба 5\WindowsFormsApp5\WindowsFormsApp5\WindowsFormsApp5.csproj", "{D6DDCCF0-7992-4ACC-8E0D-67D3815BF0C8}"
EndProject
Project("{FAE04EC0-301F-11D3-BF4B-00C04F79EFBC}") = "WindowsFormsApp6", "..\Лаба 6\WindowsFormsApp6\WindowsFormsApp6\WindowsFormsApp6.csproj", "{95FCF645-7CE5-49C4-8D3B-D8B31043F488}"
EndProject
Project("{FAE04EC0-301F-11D3-BF4B-00C04F79EFBC}") = "WindowsFormsApp7", "..\Лаба 7\WindowsFormsApp7\WindowsFormsApp7\WindowsFormsApp7.csproj", "{7A439827-BED2-4668-A093-B2E4CB90F1BD}"
EndProject
Project("{FAE04EC0-301F-11D3-BF4B-00C04F79EFBC}") = "Curs", "..\Курсовая\Curs\Curs\Curs.csproj", "{2FB287F0-876A-4CFC-8238-22FFB471D16C}"
EndProject
Global
	GlobalSection(SolutionConfigurationPlatforms) = preSolution
		Debug|Any CPU = Debug|Any CPU
		Release|Any CPU = Release|Any CPU
	EndGlobalSection
	GlobalSection(ProjectConfigurationPlatforms) = postSolution
		{19B17D75-827D-432B-A5E9-8E62B2887A0C}.Debug|Any CPU.ActiveCfg = Debug|Any CPU
		{19B17D75-827D-432B-A5E9-8E62B2887A0C}.Debug|Any CPU.Build.0 = Debug|Any CPU
		{19B17D75-827D-432B-A5E9-8E62B2887A0C}.Release|Any CPU.ActiveCfg = Release|Any CPU
		{19B17D75-827D-432B-A5E9-8E62B2887A0C}.Release|Any CPU.Build.0 = Release|Any CPU
		{BFFB224D-08E7-4AD7-91FF-1E2BF3E492E5}.Debug|Any CPU.ActiveCfg = Debug|Any CPU
		{BFFB224D-08E7-4AD7-91FF-1E2BF3E492E5}.Debug|Any CPU.Build.0 = Debug|Any CPU
		{BFFB224D-08E7-4AD7-91FF-1E2BF3E492E5}.Release|Any CPU.ActiveCfg = Release|Any CPU
		{BFFB224D-08E7-4AD7-91FF-1E2BF3E492E5}.Release|Any CPU.Build.0 = Release|Any CPU
		{35D4C5FA-8FEB-4C84-B70F-004B90711B26}.Debug|Any CPU.ActiveCfg = Debug|Any CPU
		{35D4C5FA-8FEB-4C84-B70F-004B90711B26}.Debug|Any CPU.Build.0 = Debug|Any CPU
		{35D4C5FA-8FEB-4C84-B70F-004B90711B26}.Release|Any CPU.ActiveCfg = Release|Any CPU
		{35D4C5FA-8FEB-4C84-B70F-004B90711B26}.Release|Any CPU.Build.0 = Release|Any CPU
		{E1FE1CDC-28FC-46F7-BAD3-8B62880C96C3}.Debug|Any CPU.ActiveCfg = Debug|Any CPU
		{E1FE1CDC-28FC-46F7-BAD3-8B62880C96C3}.Debug|Any CPU.Build.0 = Debug|Any CPU
		{E1FE1CDC-28FC-46F7-BAD3-8B62880C96C3}.Release|Any CPU.ActiveCfg = Release|Any CPU
		{E1FE1CDC-28FC-46F7-BAD3-8B62880C96C3}.Release|Any CPU.Build.0 = Release|Any CPU
		{7D4EA693-79E6-4523-99CE-5AE9BBB0D781}.Debug|Any CPU.ActiveCfg = Debug|Any CPU
		{7D4EA693-79E6-4523-99CE-5AE9BBB0D781}.Debug|Any CPU.Build.0 = Debug|Any CPU
		{7D4EA693-79E6-4523-99CE-5AE9BBB0D781}.Release|Any CPU.ActiveCfg = Release|Any CPU
		{7D4EA693-79E6-4523-99CE-5AE9BBB0D781}.Release|Any CPU.Build.0 = Release|Any CPU
		{D6DDCCF0-7992-4ACC-8E0D-67D3815BF0C8}.Debug|Any CPU.ActiveCfg = Debug|Any CPU
		{D6DDCCF0-7992-4ACC-8E0D-67D3815BF0C8}.Debug|Any CPU.Build.0 = Debug|Any CPU
		{D6DDCCF0-7992-4ACC-8E0D-67D3815BF0C8}.Release|Any CPU.ActiveCfg = Release|Any CPU
		{D6DDCCF0-7992-4ACC-8E0D-67D3815BF0C8}.Release|Any CPU.Build.0 = Release|Any CPU
		{95FCF645-7CE5-49C4-8D3B-D8B31043F488}.Debug|Any CPU.ActiveCfg = Debug|Any CPU
		{95FCF645-7CE5-49C4-8D3B-D8B31043F488}.Debug|Any CPU.Build.0 = Debug|Any CPU
		{95FCF645-7CE5-49C4-8D3B-D8B31043F488}.Release|Any CPU.ActiveCfg = Release|Any CPU
		{95FCF645-7CE5-49C4-8D3B-D8B31043F488}.Release|Any CPU.Build.0 = Release|Any CPU
		{7A439827-BED2-4668-A093-B2E4CB90F1BD}.Debug|Any CPU.ActiveCfg = Debug|Any CPU
		{7A439827-BED2-4668-A093-B2E4CB90F1BD}.Debug|Any CPU.Build.0 = Debug|Any CPU
		{7A439827-BED2-4668-A093-B2E4CB90F1BD}.Release|Any CPU.ActiveCfg = Release|Any CPU
		{7A439827-BED2-4668-A093-B2E4CB90F1BD}.Release|Any CPU.Build.0 = Release|Any CPU
		{2FB287F0-876A-4CFC-8238-22FFB471D16C}.Debug|Any CPU.ActiveCfg = Debug|Any CPU
		{2FB287F0-876A-4CFC-8238-22FFB471D16C}.Debug|Any CPU.Build.0 = Debug|Any CPU
		{2FB287F0-876A-4CFC-8238-22FFB471D16C}.Release|Any CPU.ActiveCfg = Release|Any CPU
		{2FB287F0-876A-4CFC-8238-22FFB471D16C}.Release|Any CPU.Build.0 = Release|Any CPU
	EndGlobalSection
	GlobalSection(SolutionProperties) = preSolution
		HideSolutionNode = FALSE
	EndGlobalSection
	GlobalSection(ExtensibilityGlobals) = postSolution
		SolutionGuid = {6F9CF3B8-6C8A-44BD-A6AF-A689612F66F7}
	EndGlobalSection
EndGlobal
